<?xml version="1.0" encoding="utf-8"?>
<Project ToolsVersion="4.0" xmlns="http://schemas.microsoft.com/developer/msbuild/2003">
  <ItemGroup>
    <Filter Include="Src">
      <UniqueIdentifier>{f98c37f6-6057-4756-866e-6e134b8329c7}</UniqueIdentifier>
      <Extensions>*.cpp;*.h</Extensions>
    </Filter>
    <Filter Include="Res">
      <UniqueIdentifier>{ba1309bf-69e9-4527-b216-69d2f7ea9cf2}</UniqueIdentifier>
      <Extensions>*.res</Extensions>
    </Filter>
    <Filter Include="Inc">
      <UniqueIdentifier>{c55516eb-0569-4119-901c-3714224a1add}</UniqueIdentifier>
      <Extensions>*.h</Extensions>
    </Filter>
  </ItemGroup>
  <ItemGroup>
    <ClCompile Include="Main.cpp">
      <Filter>Src</Filter>
    </ClCompile>
    <ClCompile Include="Window.cpp">
      <Filter>Src</Filter>
    </ClCompile>
  </ItemGroup>
  <ItemGroup>
    <ClInclude Include="Res\WindowRes.h">
      <Filter>Src</Filter>
    </ClInclude>
    <ClInclude Include="..\Inc\Window.h">
      <Filter>Inc</Filter>
    </ClInclude>
  </ItemGroup>
  <ItemGroup>
    <Image Include="Res\Unreal.ico">
      <Filter>Res</Filter>
    </Image>
  </ItemGroup>
  <ItemGroup>
    <ResourceCompile Include="Res\WindowRes.rc">
      <Filter>Res</Filter>
    </ResourceCompile>
  </ItemGroup>
</Project>